
Microsoft Visual Studio Solution File, Format Version 12.00
# Visual Studio Version 17
VisualStudioVersion = 17.7.34031.279
MinimumVisualStudioVersion = 10.0.40219.1
Project("{FAE04EC0-301F-11D3-BF4B-00C04F79EFBC}") = "HabitAqui", "HabitAqui.csproj", "{0818F810-BE16-4343-938B-C102414E4792}"
EndProject
Global
	GlobalSection(SolutionConfigurationPlatforms) = preSolution
		Debug|Any CPU = Debug|Any CPU
		Release|Any CPU = Release|Any CPU
	EndGlobalSection
	GlobalSection(ProjectConfigurationPlatforms) = postSolution
		{0818F810-BE16-4343-938B-C102414E4792}.Debug|Any CPU.ActiveCfg = Debug|Any CPU
		{0818F810-BE16-4343-938B-C102414E4792}.Debug|Any CPU.Build.0 = Debug|Any CPU
		{0818F810-BE16-4343-938B-C102414E4792}.Release|Any CPU.ActiveCfg = Release|Any CPU
		{0818F810-BE16-4343-938B-C102414E4792}.Release|Any CPU.Build.0 = Release|Any CPU
	EndGlobalSection
	GlobalSection(SolutionProperties) = preSolution
		HideSolutionNode = FALSE
	EndGlobalSection
	GlobalSection(ExtensibilityGlobals) = postSolution
		SolutionGuid = {4BBE2D03-E843-43C2-A83E-75BA8ABE7D48}
	EndGlobalSection
EndGlobal
